
Microsoft Visual Studio Solution File, Format Version 12.00
# Visual Studio 14
VisualStudioVersion = 14.0.24720.0
MinimumVisualStudioVersion = 10.0.40219.1
Project("{FAE04EC0-301F-11D3-BF4B-00C04F79EFBC}") = "CruveTopolyline", "CruveTopolyline.csproj", "{58E7C717-C5E4-492F-AC7E-6AEE9CCFB390}"
EndProject
Global
	GlobalSection(SolutionConfigurationPlatforms) = preSolution
		Debug64|Any CPU = Debug64|Any CPU
		Release|Any CPU = Release|Any CPU
	EndGlobalSection
	GlobalSection(ProjectConfigurationPlatforms) = postSolution
		{58E7C717-C5E4-492F-AC7E-6AEE9CCFB390}.Debug64|Any CPU.ActiveCfg = Debug64|Any CPU
		{58E7C717-C5E4-492F-AC7E-6AEE9CCFB390}.Debug64|Any CPU.Build.0 = Debug64|Any CPU
		{58E7C717-C5E4-492F-AC7E-6AEE9CCFB390}.Release|Any CPU.ActiveCfg = Release|Any CPU
		{58E7C717-C5E4-492F-AC7E-6AEE9CCFB390}.Release|Any CPU.Build.0 = Release|Any CPU
	EndGlobalSection
	GlobalSection(SolutionProperties) = preSolution
		HideSolutionNode = FALSE
	EndGlobalSection
EndGlobal
